
Microsoft Visual Studio Solution File, Format Version 12.00
# Visual Studio 15
VisualStudioVersion = 15.0.27004.2005
MinimumVisualStudioVersion = 10.0.40219.1
Project("{FAE04EC0-301F-11D3-BF4B-00C04F79EFBC}") = "Alarms.Android", "Alarms\Alarms.Android\Alarms.Android.csproj", "{ABB8C203-85BF-4E56-84DC-36D85E01E22C}"
EndProject
Project("{FAE04EC0-301F-11D3-BF4B-00C04F79EFBC}") = "Alarms", "Alarms\Alarms\Alarms.csproj", "{01F763E0-FD09-4371-82B3-EE75AD0337E6}"
EndProject
Project("{FAE04EC0-301F-11D3-BF4B-00C04F79EFBC}") = "Alarms.iOS", "Alarms\Alarms.iOS\Alarms.iOS.csproj", "{7D68C1A5-C2D5-4613-A1A9-9CD92875A5D3}"
EndProject
Global
	GlobalSection(SolutionConfigurationPlatforms) = preSolution
		Ad-Hoc|Any CPU = Ad-Hoc|Any CPU
		Ad-Hoc|iPhone = Ad-Hoc|iPhone
		Ad-Hoc|iPhoneSimulator = Ad-Hoc|iPhoneSimulator
		AppStore|Any CPU = AppStore|Any CPU
		AppStore|iPhone = AppStore|iPhone
		AppStore|iPhoneSimulator = AppStore|iPhoneSimulator
		Debug|Any CPU = Debug|Any CPU
		Debug|iPhone = Debug|iPhone
		Debug|iPhoneSimulator = Debug|iPhoneSimulator
		Release|Any CPU = Release|Any CPU
		Release|iPhone = Release|iPhone
		Release|iPhoneSimulator = Release|iPhoneSimulator
	EndGlobalSection
	GlobalSection(ProjectConfigurationPlatforms) = postSolution
		{ABB8C203-85BF-4E56-84DC-36D85E01E22C}.Ad-Hoc|Any CPU.ActiveCfg = Release|Any CPU
		{ABB8C203-85BF-4E56-84DC-36D85E01E22C}.Ad-Hoc|Any CPU.Build.0 = Release|Any CPU
		{ABB8C203-85BF-4E56-84DC-36D85E01E22C}.Ad-Hoc|Any CPU.Deploy.0 = Release|Any CPU
		{ABB8C203-85BF-4E56-84DC-36D85E01E22C}.Ad-Hoc|iPhone.ActiveCfg = Release|Any CPU
		{ABB8C203-85BF-4E56-84DC-36D85E01E22C}.Ad-Hoc|iPhone.Build.0 = Release|Any CPU
		{ABB8C203-85BF-4E56-84DC-36D85E01E22C}.Ad-Hoc|iPhone.Deploy.0 = Release|Any CPU
		{ABB8C203-85BF-4E56-84DC-36D85E01E22C}.Ad-Hoc|iPhoneSimulator.ActiveCfg = Release|Any CPU
		{ABB8C203-85BF-4E56-84DC-36D85E01E22C}.Ad-Hoc|iPhoneSimulator.Build.0 = Release|Any CPU
		{ABB8C203-85BF-4E56-84DC-36D85E01E22C}.Ad-Hoc|iPhoneSimulator.Deploy.0 = Release|Any CPU
		{ABB8C203-85BF-4E56-84DC-36D85E01E22C}.AppStore|Any CPU.ActiveCfg = Release|Any CPU
		{ABB8C203-85BF-4E56-84DC-36D85E01E22C}.AppStore|Any CPU.Build.0 = Release|Any CPU
		{ABB8C203-85BF-4E56-84DC-36D85E01E22C}.AppStore|Any CPU.Deploy.0 = Release|Any CPU
		{ABB8C203-85BF-4E56-84DC-36D85E01E22C}.AppStore|iPhone.ActiveCfg = Release|Any CPU
		{ABB8C203-85BF-4E56-84DC-36D85E01E22C}.AppStore|iPhone.Build.0 = Release|Any CPU
		{ABB8C203-85BF-4E56-84DC-36D85E01E22C}.AppStore|iPhone.Deploy.0 = Release|Any CPU
		{ABB8C203-85BF-4E56-84DC-36D85E01E22C}.AppStore|iPhoneSimulator.ActiveCfg = Release|Any CPU
		{ABB8C203-85BF-4E56-84DC-36D85E01E22C}.AppStore|iPhoneSimulator.Build.0 = Release|Any CPU
		{ABB8C203-85BF-4E56-84DC-36D85E01E22C}.AppStore|iPhoneSimulator.Deploy.0 = Release|Any CPU
		{ABB8C203-85BF-4E56-84DC-36D85E01E22C}.Debug|Any CPU.ActiveCfg = Debug|Any CPU
		{ABB8C203-85BF-4E56-84DC-36D85E01E22C}.Debug|Any CPU.Build.0 = Debug|Any CPU
		{ABB8C203-85BF-4E56-84DC-36D85E01E22C}.Debug|Any CPU.Deploy.0 = Debug|Any CPU
		{ABB8C203-85BF-4E56-84DC-36D85E01E22C}.Debug|iPhone.ActiveCfg = Debug|Any CPU
		{ABB8C203-85BF-4E56-84DC-36D85E01E22C}.Debug|iPhone.Build.0 = Debug|Any CPU
		{ABB8C203-85BF-4E56-84DC-36D85E01E22C}.Debug|iPhone.Deploy.0 = Debug|Any CPU
		{ABB8C203-85BF-4E56-84DC-36D85E01E22C}.Debug|iPhoneSimulator.ActiveCfg = Debug|Any CPU
		{ABB8C203-85BF-4E56-84DC-36D85E01E22C}.Debug|iPhoneSimulator.Build.0 = Debug|Any CPU
		{ABB8C203-85BF-4E56-84DC-36D85E01E22C}.Debug|iPhoneSimulator.Deploy.0 = Debug|Any CPU
		{ABB8C203-85BF-4E56-84DC-36D85E01E22C}.Release|Any CPU.ActiveCfg = Release|Any CPU
		{ABB8C203-85BF-4E56-84DC-36D85E01E22C}.Release|Any CPU.Build.0 = Release|Any CPU
		{ABB8C203-85BF-4E56-84DC-36D85E01E22C}.Release|Any CPU.Deploy.0 = Release|Any CPU
		{ABB8C203-85BF-4E56-84DC-36D85E01E22C}.Release|iPhone.ActiveCfg = Release|Any CPU
		{ABB8C203-85BF-4E56-84DC-36D85E01E22C}.Release|iPhone.Build.0 = Release|Any CPU
		{ABB8C203-85BF-4E56-84DC-36D85E01E22C}.Release|iPhone.Deploy.0 = Release|Any CPU
		{ABB8C203-85BF-4E56-84DC-36D85E01E22C}.Release|iPhoneSimulator.ActiveCfg = Release|Any CPU
		{ABB8C203-85BF-4E56-84DC-36D85E01E22C}.Release|iPhoneSimulator.Build.0 = Release|Any CPU
		{ABB8C203-85BF-4E56-84DC-36D85E01E22C}.Release|iPhoneSimulator.Deploy.0 = Release|Any CPU
		{01F763E0-FD09-4371-82B3-EE75AD0337E6}.Ad-Hoc|Any CPU.ActiveCfg = Release|Any CPU
		{01F763E0-FD09-4371-82B3-EE75AD0337E6}.Ad-Hoc|Any CPU.Build.0 = Release|Any CPU
		{01F763E0-FD09-4371-82B3-EE75AD0337E6}.Ad-Hoc|iPhone.ActiveCfg = Release|Any CPU
		{01F763E0-FD09-4371-82B3-EE75AD0337E6}.Ad-Hoc|iPhone.Build.0 = Release|Any CPU
		{01F763E0-FD09-4371-82B3-EE75AD0337E6}.Ad-Hoc|iPhoneSimulator.ActiveCfg = Release|Any CPU
		{01F763E0-FD09-4371-82B3-EE75AD0337E6}.Ad-Hoc|iPhoneSimulator.Build.0 = Release|Any CPU
		{01F763E0-FD09-4371-82B3-EE75AD0337E6}.AppStore|Any CPU.ActiveCfg = Release|Any CPU
		{01F763E0-FD09-4371-82B3-EE75AD0337E6}.AppStore|Any CPU.Build.0 = Release|Any CPU
		{01F763E0-FD09-4371-82B3-EE75AD0337E6}.AppStore|iPhone.ActiveCfg = Release|Any CPU
		{01F763E0-FD09-4371-82B3-EE75AD0337E6}.AppStore|iPhone.Build.0 = Release|Any CPU
		{01F763E0-FD09-4371-82B3-EE75AD0337E6}.AppStore|iPhoneSimulator.ActiveCfg = Release|Any CPU
		{01F763E0-FD09-4371-82B3-EE75AD0337E6}.AppStore|iPhoneSimulator.Build.0 = Release|Any CPU
		{01F763E0-FD09-4371-82B3-EE75AD0337E6}.Debug|Any CPU.ActiveCfg = Debug|Any CPU
		{01F763E0-FD09-4371-82B3-EE75AD0337E6}.Debug|Any CPU.Build.0 = Debug|Any CPU
		{01F763E0-FD09-4371-82B3-EE75AD0337E6}.Debug|iPhone.ActiveCfg = Debug|Any CPU
		{01F763E0-FD09-4371-82B3-EE75AD0337E6}.Debug|iPhone.Build.0 = Debug|Any CPU
		{01F763E0-FD09-4371-82B3-EE75AD0337E6}.Debug|iPhoneSimulator.ActiveCfg = Debug|Any CPU
		{01F763E0-FD09-4371-82B3-EE75AD0337E6}.Debug|iPhoneSimulator.Build.0 = Debug|Any CPU
		{01F763E0-FD09-4371-82B3-EE75AD0337E6}.Release|Any CPU.ActiveCfg = Release|Any CPU
		{01F763E0-FD09-4371-82B3-EE75AD0337E6}.Release|Any CPU.Build.0 = Release|Any CPU
		{01F763E0-FD09-4371-82B3-EE75AD0337E6}.Release|iPhone.ActiveCfg = Release|Any CPU
		{01F763E0-FD09-4371-82B3-EE75AD0337E6}.Release|iPhone.Build.0 = Release|Any CPU
		{01F763E0-FD09-4371-82B3-EE75AD0337E6}.Release|iPhoneSimulator.ActiveCfg = Release|Any CPU
		{01F763E0-FD09-4371-82B3-EE75AD0337E6}.Release|iPhoneSimulator.Build.0 = Release|Any CPU
		{7D68C1A5-C2D5-4613-A1A9-9CD92875A5D3}.Ad-Hoc|Any CPU.ActiveCfg = Ad-Hoc|iPhoneSimulator
		{7D68C1A5-C2D5-4613-A1A9-9CD92875A5D3}.Ad-Hoc|iPhone.ActiveCfg = Ad-Hoc|iPhone
		{7D68C1A5-C2D5-4613-A1A9-9CD92875A5D3}.Ad-Hoc|iPhone.Build.0 = Ad-Hoc|iPhone
		{7D68C1A5-C2D5-4613-A1A9-9CD92875A5D3}.Ad-Hoc|iPhoneSimulator.ActiveCfg = Ad-Hoc|iPhoneSimulator
		{7D68C1A5-C2D5-4613-A1A9-9CD92875A5D3}.Ad-Hoc|iPhoneSimulator.Build.0 = Ad-Hoc|iPhoneSimulator
		{7D68C1A5-C2D5-4613-A1A9-9CD92875A5D3}.AppStore|Any CPU.ActiveCfg = AppStore|iPhoneSimulator
		{7D68C1A5-C2D5-4613-A1A9-9CD92875A5D3}.AppStore|iPhone.ActiveCfg = AppStore|iPhone
		{7D68C1A5-C2D5-4613-A1A9-9CD92875A5D3}.AppStore|iPhone.Build.0 = AppStore|iPhone
		{7D68C1A5-C2D5-4613-A1A9-9CD92875A5D3}.AppStore|iPhoneSimulator.ActiveCfg = AppStore|iPhoneSimulator
		{7D68C1A5-C2D5-4613-A1A9-9CD92875A5D3}.AppStore|iPhoneSimulator.Build.0 = AppStore|iPhoneSimulator
		{7D68C1A5-C2D5-4613-A1A9-9CD92875A5D3}.Debug|Any CPU.ActiveCfg = Debug|iPhoneSimulator
		{7D68C1A5-C2D5-4613-A1A9-9CD92875A5D3}.Debug|iPhone.ActiveCfg = Debug|iPhone
		{7D68C1A5-C2D5-4613-A1A9-9CD92875A5D3}.Debug|iPhone.Build.0 = Debug|iPhone
		{7D68C1A5-C2D5-4613-A1A9-9CD92875A5D3}.Debug|iPhoneSimulator.ActiveCfg = Debug|iPhoneSimulator
		{7D68C1A5-C2D5-4613-A1A9-9CD92875A5D3}.Debug|iPhoneSimulator.Build.0 = Debug|iPhoneSimulator
		{7D68C1A5-C2D5-4613-A1A9-9CD92875A5D3}.Release|Any CPU.ActiveCfg = Release|iPhoneSimulator
		{7D68C1A5-C2D5-4613-A1A9-9CD92875A5D3}.Release|iPhone.ActiveCfg = Release|iPhone
		{7D68C1A5-C2D5-4613-A1A9-9CD92875A5D3}.Release|iPhone.Build.0 = Release|iPhone
		{7D68C1A5-C2D5-4613-A1A9-9CD92875A5D3}.Release|iPhoneSimulator.ActiveCfg = Release|iPhoneSimulator
		{7D68C1A5-C2D5-4613-A1A9-9CD92875A5D3}.Release|iPhoneSimulator.Build.0 = Release|iPhoneSimulator
	EndGlobalSection
	GlobalSection(SolutionProperties) = preSolution
		HideSolutionNode = FALSE
	EndGlobalSection
	GlobalSection(ExtensibilityGlobals) = postSolution
		SolutionGuid = {7D298A42-FA66-4399-B433-C8C08A72972D}
	EndGlobalSection
EndGlobal
